
Microsoft Visual Studio Solution File, Format Version 12.00
# Visual Studio 15
Project("{FAE04EC0-301F-11D3-BF4B-00C04F79EFBC}") = "Assembly-CSharp", "Assembly-CSharp.csproj", "{ACCC4DF0-7B2B-E5C3-5643-958B3C134BED}"
EndProject
Global
	GlobalSection(SolutionConfigurationPlatforms) = preSolution
		Debug|Any CPU = Debug|Any CPU
		Release|Any CPU = Release|Any CPU
	EndGlobalSection
	GlobalSection(ProjectConfigurationPlatforms) = postSolution
		{ACCC4DF0-7B2B-E5C3-5643-958B3C134BED}.Debug|Any CPU.ActiveCfg = Debug|Any CPU
		{ACCC4DF0-7B2B-E5C3-5643-958B3C134BED}.Debug|Any CPU.Build.0 = Debug|Any CPU
		{ACCC4DF0-7B2B-E5C3-5643-958B3C134BED}.Release|Any CPU.ActiveCfg = Release|Any CPU
		{ACCC4DF0-7B2B-E5C3-5643-958B3C134BED}.Release|Any CPU.Build.0 = Release|Any CPU
	EndGlobalSection
	GlobalSection(SolutionProperties) = preSolution
		HideSolutionNode = FALSE
	EndGlobalSection
EndGlobal
